// !$*UTF8*$!
{
	archiveVersion = 1;
	classes = {
	};
	objectVersion = 56;
	objects = {

/* Begin PBXBuildFile section */
		5229EF3D2A6FC2F3003A8BCA /* CVStoryboard.storyboard in Resources */ = {isa = PBXBuildFile; fileRef = 5229EF3C2A6FC2F3003A8BCA /* CVStoryboard.storyboard */; };
		5229EF3F2A6FC368003A8BCA /* CollectionviewVC.swift in Sources */ = {isa = PBXBuildFile; fileRef = 5229EF3E2A6FC368003A8BCA /* CollectionviewVC.swift */; };
		5229EF482A6FCB93003A8BCA /* CollectionViewCell.swift in Sources */ = {isa = PBXBuildFile; fileRef = 5229EF462A6FCB93003A8BCA /* CollectionViewCell.swift */; };
		5229EF492A6FCB93003A8BCA /* CollectionViewCell.xib in Resources */ = {isa = PBXBuildFile; fileRef = 5229EF472A6FCB93003A8BCA /* CollectionViewCell.xib */; };
		5229EF4B2A6FD130003A8BCA /* Movie.swift in Sources */ = {isa = PBXBuildFile; fileRef = 5229EF4A2A6FD130003A8BCA /* Movie.swift */; };
		5229EF4D2A6FED56003A8BCA /* UsersData.swift in Sources */ = {isa = PBXBuildFile; fileRef = 5229EF4C2A6FED56003A8BCA /* UsersData.swift */; };
		52C05F9E2A6E84CC00C7429F /* AppDelegate.swift in Sources */ = {isa = PBXBuildFile; fileRef = 52C05F9D2A6E84CC00C7429F /* AppDelegate.swift */; };
		52C05FA02A6E84CC00C7429F /* SceneDelegate.swift in Sources */ = {isa = PBXBuildFile; fileRef = 52C05F9F2A6E84CC00C7429F /* SceneDelegate.swift */; };
		52C05FA22A6E84CC00C7429F /* ViewController.swift in Sources */ = {isa = PBXBuildFile; fileRef = 52C05FA12A6E84CC00C7429F /* ViewController.swift */; };
		52C05FA52A6E84CC00C7429F /* Main.storyboard in Resources */ = {isa = PBXBuildFile; fileRef = 52C05FA32A6E84CC00C7429F /* Main.storyboard */; };
		52C05FA72A6E84CD00C7429F /* Assets.xcassets in Resources */ = {isa = PBXBuildFile; fileRef = 52C05FA62A6E84CD00C7429F /* Assets.xcassets */; };
		52C05FAA2A6E84CD00C7429F /* LaunchScreen.storyboard in Resources */ = {isa = PBXBuildFile; fileRef = 52C05FA82A6E84CD00C7429F /* LaunchScreen.storyboard */; };
		52C05FB82A6E85CA00C7429F /* TblVC.swift in Sources */ = {isa = PBXBuildFile; fileRef = 52C05FB42A6E85CA00C7429F /* TblVC.swift */; };
		52C05FBA2A6E984F00C7429F /* TblStoryboard.storyboard in Resources */ = {isa = PBXBuildFile; fileRef = 52C05FB92A6E984F00C7429F /* TblStoryboard.storyboard */; };
		52C05FBD2A6EA94B00C7429F /* NewCell.swift in Sources */ = {isa = PBXBuildFile; fileRef = 52C05FBB2A6EA94B00C7429F /* NewCell.swift */; };
		52C05FBE2A6EA94B00C7429F /* NewCell.xib in Resources */ = {isa = PBXBuildFile; fileRef = 52C05FBC2A6EA94B00C7429F /* NewCell.xib */; };
		52DCFDF12A72650700195909 /* Data.swift in Sources */ = {isa = PBXBuildFile; fileRef = 52DCFDF02A72650700195909 /* Data.swift */; };
/* End PBXBuildFile section */

/* Begin PBXFileReference section */
		5229EF3C2A6FC2F3003A8BCA /* CVStoryboard.storyboard */ = {isa = PBXFileReference; lastKnownFileType = file.storyboard; path = CVStoryboard.storyboard; sourceTree = "<group>"; };
		5229EF3E2A6FC368003A8BCA /* CollectionviewVC.swift */ = {isa = PBXFileReference; lastKnownFileType = sourcecode.swift; path = CollectionviewVC.swift; sourceTree = "<group>"; };
		5229EF462A6FCB93003A8BCA /* CollectionViewCell.swift */ = {isa = PBXFileReference; lastKnownFileType = sourcecode.swift; path = CollectionViewCell.swift; sourceTree = "<group>"; };
		5229EF472A6FCB93003A8BCA /* CollectionViewCell.xib */ = {isa = PBXFileReference; lastKnownFileType = file.xib; path = CollectionViewCell.xib; sourceTree = "<group>"; };
		5229EF4A2A6FD130003A8BCA /* Movie.swift */ = {isa = PBXFileReference; lastKnownFileType = sourcecode.swift; path = Movie.swift; sourceTree = "<group>"; };
		5229EF4C2A6FED56003A8BCA /* UsersData.swift */ = {isa = PBXFileReference; lastKnownFileType = sourcecode.swift; path = UsersData.swift; sourceTree = "<group>"; };
		52C05F9A2A6E84CC00C7429F /* PricticeiOS.app */ = {isa = PBXFileReference; explicitFileType = wrapper.application; includeInIndex = 0; path = PricticeiOS.app; sourceTree = BUILT_PRODUCTS_DIR; };
		52C05F9D2A6E84CC00C7429F /* AppDelegate.swift */ = {isa = PBXFileReference; lastKnownFileType = sourcecode.swift; path = AppDelegate.swift; sourceTree = "<group>"; };
		52C05F9F2A6E84CC00C7429F /* SceneDelegate.swift */ = {isa = PBXFileReference; lastKnownFileType = sourcecode.swift; path = SceneDelegate.swift; sourceTree = "<group>"; };
		52C05FA12A6E84CC00C7429F /* ViewController.swift */ = {isa = PBXFileReference; lastKnownFileType = sourcecode.swift; path = ViewController.swift; sourceTree = "<group>"; };
		52C05FA42A6E84CC00C7429F /* Base */ = {isa = PBXFileReference; lastKnownFileType = file.storyboard; name = Base; path = Base.lproj/Main.storyboard; sourceTree = "<group>"; };
		52C05FA62A6E84CD00C7429F /* Assets.xcassets */ = {isa = PBXFileReference; lastKnownFileType = folder.assetcatalog; path = Assets.xcassets; sourceTree = "<group>"; };
		52C05FA92A6E84CD00C7429F /* Base */ = {isa = PBXFileReference; lastKnownFileType = file.storyboard; name = Base; path = Base.lproj/LaunchScreen.storyboard; sourceTree = "<group>"; };
		52C05FAB2A6E84CD00C7429F /* Info.plist */ = {isa = PBXFileReference; lastKnownFileType = text.plist.xml; path = Info.plist; sourceTree = "<group>"; };
		52C05FB42A6E85CA00C7429F /* TblVC.swift */ = {isa = PBXFileReference; fileEncoding = 4; lastKnownFileType = sourcecode.swift; name = TblVC.swift; path = PracticeCode/TblVC.swift; sourceTree = "<group>"; };
		52C05FB92A6E984F00C7429F /* TblStoryboard.storyboard */ = {isa = PBXFileReference; lastKnownFileType = file.storyboard; path = TblStoryboard.storyboard; sourceTree = "<group>"; };
		52C05FBB2A6EA94B00C7429F /* NewCell.swift */ = {isa = PBXFileReference; lastKnownFileType = sourcecode.swift; path = NewCell.swift; sourceTree = "<group>"; };
		52C05FBC2A6EA94B00C7429F /* NewCell.xib */ = {isa = PBXFileReference; lastKnownFileType = file.xib; path = NewCell.xib; sourceTree = "<group>"; };
		52DCFDF02A72650700195909 /* Data.swift */ = {isa = PBXFileReference; lastKnownFileType = sourcecode.swift; path = Data.swift; sourceTree = "<group>"; };
/* End PBXFileReference section */

/* Begin PBXFrameworksBuildPhase section */
		52C05F972A6E84CC00C7429F /* Frameworks */ = {
			isa = PBXFrameworksBuildPhase;
			buildActionMask = 2147483647;
			files = (
			);
			runOnlyForDeploymentPostprocessing = 0;
		};
/* End PBXFrameworksBuildPhase section */

/* Begin PBXGroup section */
		5229EF3B2A6FC206003A8BCA /* CollectionViewExample */ = {
			isa = PBXGroup;
			children = (
				5229EF3C2A6FC2F3003A8BCA /* CVStoryboard.storyboard */,
				5229EF3E2A6FC368003A8BCA /* CollectionviewVC.swift */,
				5229EF462A6FCB93003A8BCA /* CollectionViewCell.swift */,
				5229EF472A6FCB93003A8BCA /* CollectionViewCell.xib */,
				5229EF4A2A6FD130003A8BCA /* Movie.swift */,
				5229EF4C2A6FED56003A8BCA /* UsersData.swift */,
			);
			path = CollectionViewExample;
			sourceTree = "<group>";
		};
		52C05F912A6E84CC00C7429F = {
			isa = PBXGroup;
			children = (
				52C05F9C2A6E84CC00C7429F /* PricticeiOS */,
				52C05F9B2A6E84CC00C7429F /* Products */,
			);
			sourceTree = "<group>";
		};
		52C05F9B2A6E84CC00C7429F /* Products */ = {
			isa = PBXGroup;
			children = (
				52C05F9A2A6E84CC00C7429F /* PricticeiOS.app */,
			);
			name = Products;
			sourceTree = "<group>";
		};
		52C05F9C2A6E84CC00C7429F /* PricticeiOS */ = {
			isa = PBXGroup;
			children = (
				5229EF3B2A6FC206003A8BCA /* CollectionViewExample */,
				52C05FB92A6E984F00C7429F /* TblStoryboard.storyboard */,
				52C05FB42A6E85CA00C7429F /* TblVC.swift */,
				52C05F9D2A6E84CC00C7429F /* AppDelegate.swift */,
				52C05F9F2A6E84CC00C7429F /* SceneDelegate.swift */,
				52C05FA12A6E84CC00C7429F /* ViewController.swift */,
				52C05FA32A6E84CC00C7429F /* Main.storyboard */,
				52C05FA62A6E84CD00C7429F /* Assets.xcassets */,
				52C05FA82A6E84CD00C7429F /* LaunchScreen.storyboard */,
				52C05FAB2A6E84CD00C7429F /* Info.plist */,
				52C05FBB2A6EA94B00C7429F /* NewCell.swift */,
				52C05FBC2A6EA94B00C7429F /* NewCell.xib */,
				52DCFDF02A72650700195909 /* Data.swift */,
			);
			path = PricticeiOS;
			sourceTree = "<group>";
		};
/* End PBXGroup section */

/* Begin PBXNativeTarget section */
		52C05F992A6E84CC00C7429F /* PricticeiOS */ = {
			isa = PBXNativeTarget;
			buildConfigurationList = 52C05FAE2A6E84CD00C7429F /* Build configuration list for PBXNativeTarget "PricticeiOS" */;
			buildPhases = (
				52C05F962A6E84CC00C7429F /* Sources */,
				52C05F972A6E84CC00C7429F /* Frameworks */,
				52C05F982A6E84CC00C7429F /* Resources */,
			);
			buildRules = (
			);
			dependencies = (
			);
			name = PricticeiOS;
			productName = PricticeiOS;
			productReference = 52C05F9A2A6E84CC00C7429F /* PricticeiOS.app */;
			productType = "com.apple.product-type.application";
		};
/* End PBXNativeTarget section */

/* Begin PBXProject section */
		52C05F922A6E84CC00C7429F /* Project object */ = {
			isa = PBXProject;
			attributes = {
				BuildIndependentTargetsInParallel = 1;
				LastSwiftUpdateCheck = 1420;
				LastUpgradeCheck = 1420;
				TargetAttributes = {
					52C05F992A6E84CC00C7429F = {
						CreatedOnToolsVersion = 14.2;
					};
				};
			};
			buildConfigurationList = 52C05F952A6E84CC00C7429F /* Build configuration list for PBXProject "PricticeiOS" */;
			compatibilityVersion = "Xcode 14.0";
			developmentRegion = en;
			hasScannedForEncodings = 0;
			knownRegions = (
				en,
				Base,
			);
			mainGroup = 52C05F912A6E84CC00C7429F;
			productRefGroup = 52C05F9B2A6E84CC00C7429F /* Products */;
			projectDirPath = "";
			projectRoot = "";
			targets = (
				52C05F992A6E84CC00C7429F /* PricticeiOS */,
			);
		};
/* End PBXProject section */

/* Begin PBXResourcesBuildPhase section */
		52C05F982A6E84CC00C7429F /* Resources */ = {
			isa = PBXResourcesBuildPhase;
			buildActionMask = 2147483647;
			files = (
				52C05FBE2A6EA94B00C7429F /* NewCell.xib in Resources */,
				5229EF492A6FCB93003A8BCA /* CollectionViewCell.xib in Resources */,
				52C05FAA2A6E84CD00C7429F /* LaunchScreen.storyboard in Resources */,
				5229EF3D2A6FC2F3003A8BCA /* CVStoryboard.storyboard in Resources */,
				52C05FBA2A6E984F00C7429F /* TblStoryboard.storyboard in Resources */,
				52C05FA72A6E84CD00C7429F /* Assets.xcassets in Resources */,
				52C05FA52A6E84CC00C7429F /* Main.storyboard in Resources */,
			);
			runOnlyForDeploymentPostprocessing = 0;
		};
/* End PBXResourcesBuildPhase section */

/* Begin PBXSourcesBuildPhase section */
		52C05F962A6E84CC00C7429F /* Sources */ = {
			isa = PBXSourcesBuildPhase;
			buildActionMask = 2147483647;
			files = (
				52C05FA22A6E84CC00C7429F /* ViewController.swift in Sources */,
				52DCFDF12A72650700195909 /* Data.swift in Sources */,
				52C05FB82A6E85CA00C7429F /* TblVC.swift in Sources */,
				52C05F9E2A6E84CC00C7429F /* AppDelegate.swift in Sources */,
				5229EF4D2A6FED56003A8BCA /* UsersData.swift in Sources */,
				5229EF482A6FCB93003A8BCA /* CollectionViewCell.swift in Sources */,
				5229EF3F2A6FC368003A8BCA /* CollectionviewVC.swift in Sources */,
				52C05FBD2A6EA94B00C7429F /* NewCell.swift in Sources */,
				5229EF4B2A6FD130003A8BCA /* Movie.swift in Sources */,
				52C05FA02A6E84CC00C7429F /* SceneDelegate.swift in Sources */,
			);
			runOnlyForDeploymentPostprocessing = 0;
		};
/* End PBXSourcesBuildPhase section */

/* Begin PBXVariantGroup section */
		52C05FA32A6E84CC00C7429F /* Main.storyboard */ = {
			isa = PBXVariantGroup;
			children = (
				52C05FA42A6E84CC00C7429F /* Base */,
			);
			name = Main.storyboard;
			sourceTree = "<group>";
		};
		52C05FA82A6E84CD00C7429F /* LaunchScreen.storyboard */ = {
			isa = PBXVariantGroup;
			children = (
				52C05FA92A6E84CD00C7429F /* Base */,
			);
			name = LaunchScreen.storyboard;
			sourceTree = "<group>";
		};
/* End PBXVariantGroup section */

/* Begin XCBuildConfiguration section */
		52C05FAC2A6E84CD00C7429F /* Debug */ = {
			isa = XCBuildConfiguration;
			buildSettings = {
				ALWAYS_SEARCH_USER_PATHS = NO;
				CLANG_ANALYZER_NONNULL = YES;
				CLANG_ANALYZER_NUMBER_OBJECT_CONVERSION = YES_AGGRESSIVE;
				CLANG_CXX_LANGUAGE_STANDARD = "gnu++20";
				CLANG_ENABLE_MODULES = YES;
				CLANG_ENABLE_OBJC_ARC = YES;
				CLANG_ENABLE_OBJC_WEAK = YES;
				CLANG_WARN_BLOCK_CAPTURE_AUTORELEASING = YES;
				CLANG_WARN_BOOL_CONVERSION = YES;
				CLANG_WARN_COMMA = YES;
				CLANG_WARN_CONSTANT_CONVERSION = YES;
				CLANG_WARN_DEPRECATED_OBJC_IMPLEMENTATIONS = YES;
				CLANG_WARN_DIRECT_OBJC_ISA_USAGE = YES_ERROR;
				CLANG_WARN_DOCUMENTATION_COMMENTS = YES;
				CLANG_WARN_EMPTY_BODY = YES;
				CLANG_WARN_ENUM_CONVERSION = YES;
				CLANG_WARN_INFINITE_RECURSION = YES;
				CLANG_WARN_INT_CONVERSION = YES;
				CLANG_WARN_NON_LITERAL_NULL_CONVERSION = YES;
				CLANG_WARN_OBJC_IMPLICIT_RETAIN_SELF = YES;
				CLANG_WARN_OBJC_LITERAL_CONVERSION = YES;
				CLANG_WARN_OBJC_ROOT_CLASS = YES_ERROR;
				CLANG_WARN_QUOTED_INCLUDE_IN_FRAMEWORK_HEADER = YES;
				CLANG_WARN_RANGE_LOOP_ANALYSIS = YES;
				CLANG_WARN_STRICT_PROTOTYPES = YES;
				CLANG_WARN_SUSPICIOUS_MOVE = YES;
				CLANG_WARN_UNGUARDED_AVAILABILITY = YES_AGGRESSIVE;
				CLANG_WARN_UNREACHABLE_CODE = YES;
				CLANG_WARN__DUPLICATE_METHOD_MATCH = YES;
				COPY_PHASE_STRIP = NO;
				DEBUG_INFORMATION_FORMAT = dwarf;
				ENABLE_STRICT_OBJC_MSGSEND = YES;
				ENABLE_TESTABILITY = YES;
				GCC_C_LANGUAGE_STANDARD = gnu11;
				GCC_DYNAMIC_NO_PIC = NO;
				GCC_NO_COMMON_BLOCKS = YES;
				GCC_OPTIMIZATION_LEVEL = 0;
				GCC_PREPROCESSOR_DEFINITIONS = (
					"DEBUG=1",
					"$(inherited)",
				);
				GCC_WARN_64_TO_32_BIT_CONVERSION = YES;
				GCC_WARN_ABOUT_RETURN_TYPE = YES_ERROR;
				GCC_WARN_UNDECLARED_SELECTOR = YES;
				GCC_WARN_UNINITIALIZED_AUTOS = YES_AGGRESSIVE;
				GCC_WARN_UNUSED_FUNCTION = YES;
				GCC_WARN_UNUSED_VARIABLE = YES;
				IPHONEOS_DEPLOYMENT_TARGET = 16.2;
				MTL_ENABLE_DEBUG_INFO = INCLUDE_SOURCE;
				MTL_FAST_MATH = YES;
				ONLY_ACTIVE_ARCH = YES;
				SDKROOT = iphoneos;
				SWIFT_ACTIVE_COMPILATION_CONDITIONS = DEBUG;
				SWIFT_OPTIMIZATION_LEVEL = "-Onone";
			};
			name = Debug;
		};
		52C05FAD2A6E84CD00C7429F /* Release */ = {
			isa = XCBuildConfiguration;
			buildSettings = {
				ALWAYS_SEARCH_USER_PATHS = NO;
				CLANG_ANALYZER_NONNULL = YES;
				CLANG_ANALYZER_NUMBER_OBJECT_CONVERSION = YES_AGGRESSIVE;
				CLANG_CXX_LANGUAGE_STANDARD = "gnu++20";
				CLANG_ENABLE_MODULES = YES;
				CLANG_ENABLE_OBJC_ARC = YES;
				CLANG_ENABLE_OBJC_WEAK = YES;
				CLANG_WARN_BLOCK_CAPTURE_AUTORELEASING = YES;
				CLANG_WARN_BOOL_CONVERSION = YES;
				CLANG_WARN_COMMA = YES;
				CLANG_WARN_CONSTANT_CONVERSION = YES;
				CLANG_WARN_DEPRECATED_OBJC_IMPLEMENTATIONS = YES;
				CLANG_WARN_DIRECT_OBJC_ISA_USAGE = YES_ERROR;
				CLANG_WARN_DOCUMENTATION_COMMENTS = YES;
				CLANG_WARN_EMPTY_BODY = YES;
				CLANG_WARN_ENUM_CONVERSION = YES;
				CLANG_WARN_INFINITE_RECURSION = YES;
				CLANG_WARN_INT_CONVERSION = YES;
				CLANG_WARN_NON_LITERAL_NULL_CONVERSION = YES;
				CLANG_WARN_OBJC_IMPLICIT_RETAIN_SELF = YES;
				CLANG_WARN_OBJC_LITERAL_CONVERSION = YES;
				CLANG_WARN_OBJC_ROOT_CLASS = YES_ERROR;
				CLANG_WARN_QUOTED_INCLUDE_IN_FRAMEWORK_HEADER = YES;
				CLANG_WARN_RANGE_LOOP_ANALYSIS = YES;
				CLANG_WARN_STRICT_PROTOTYPES = YES;
				CLANG_WARN_SUSPICIOUS_MOVE = YES;
				CLANG_WARN_UNGUARDED_AVAILABILITY = YES_AGGRESSIVE;
				CLANG_WARN_UNREACHABLE_CODE = YES;
				CLANG_WARN__DUPLICATE_METHOD_MATCH = YES;
				COPY_PHASE_STRIP = NO;
				DEBUG_INFORMATION_FORMAT = "dwarf-with-dsym";
				ENABLE_NS_ASSERTIONS = NO;
				ENABLE_STRICT_OBJC_MSGSEND = YES;
				GCC_C_LANGUAGE_STANDARD = gnu11;
				GCC_NO_COMMON_BLOCKS = YES;
				GCC_WARN_64_TO_32_BIT_CONVERSION = YES;
				GCC_WARN_ABOUT_RETURN_TYPE = YES_ERROR;
				GCC_WARN_UNDECLARED_SELECTOR = YES;
				GCC_WARN_UNINITIALIZED_AUTOS = YES_AGGRESSIVE;
				GCC_WARN_UNUSED_FUNCTION = YES;
				GCC_WARN_UNUSED_VARIABLE = YES;
				IPHONEOS_DEPLOYMENT_TARGET = 16.2;
				MTL_ENABLE_DEBUG_INFO = NO;
				MTL_FAST_MATH = YES;
				SDKROOT = iphoneos;
				SWIFT_COMPILATION_MODE = wholemodule;
				SWIFT_OPTIMIZATION_LEVEL = "-O";
				VALIDATE_PRODUCT = YES;
			};
			name = Release;
		};
		52C05FAF2A6E84CD00C7429F /* Debug */ = {
			isa = XCBuildConfiguration;
			buildSettings = {
				ASSETCATALOG_COMPILER_APPICON_NAME = AppIcon;
				ASSETCATALOG_COMPILER_GLOBAL_ACCENT_COLOR_NAME = AccentColor;
				CODE_SIGN_STYLE = Automatic;
				CURRENT_PROJECT_VERSION = 1;
				GENERATE_INFOPLIST_FILE = YES;
				INFOPLIST_FILE = PricticeiOS/Info.plist;
				INFOPLIST_KEY_UIApplicationSupportsIndirectInputEvents = YES;
				INFOPLIST_KEY_UILaunchStoryboardName = LaunchScreen;
				INFOPLIST_KEY_UIMainStoryboardFile = Main;
				INFOPLIST_KEY_UISupportedInterfaceOrientations_iPad = "UIInterfaceOrientationPortrait UIInterfaceOrientationPortraitUpsideDown UIInterfaceOrientationLandscapeLeft UIInterfaceOrientationLandscapeRight";
				INFOPLIST_KEY_UISupportedInterfaceOrientations_iPhone = "UIInterfaceOrientationPortrait UIInterfaceOrientationLandscapeLeft UIInterfaceOrientationLandscapeRight";
				LD_RUNPATH_SEARCH_PATHS = (
					"$(inherited)",
					"@executable_path/Frameworks",
				);
				MARKETING_VERSION = 1.0;
				PRODUCT_BUNDLE_IDENTIFIER = com.simform.PricticeiOS;
				PRODUCT_NAME = "$(TARGET_NAME)";
				SUPPORTED_PLATFORMS = "iphoneos iphonesimulator";
				SUPPORTS_MACCATALYST = NO;
				SUPPORTS_MAC_DESIGNED_FOR_IPHONE_IPAD = NO;
				SWIFT_EMIT_LOC_STRINGS = YES;
				SWIFT_VERSION = 5.0;
				TARGETED_DEVICE_FAMILY = 1;
			};
			name = Debug;
		};
		52C05FB02A6E84CD00C7429F /* Release */ = {
			isa = XCBuildConfiguration;
			buildSettings = {
				ASSETCATALOG_COMPILER_APPICON_NAME = AppIcon;
				ASSETCATALOG_COMPILER_GLOBAL_ACCENT_COLOR_NAME = AccentColor;
				CODE_SIGN_STYLE = Automatic;
				CURRENT_PROJECT_VERSION = 1;
				GENERATE_INFOPLIST_FILE = YES;
				INFOPLIST_FILE = PricticeiOS/Info.plist;
				INFOPLIST_KEY_UIApplicationSupportsIndirectInputEvents = YES;
				INFOPLIST_KEY_UILaunchStoryboardName = LaunchScreen;
				INFOPLIST_KEY_UIMainStoryboardFile = Main;
				INFOPLIST_KEY_UISupportedInterfaceOrientations_iPad = "UIInterfaceOrientationPortrait UIInterfaceOrientationPortraitUpsideDown UIInterfaceOrientationLandscapeLeft UIInterfaceOrientationLandscapeRight";
				INFOPLIST_KEY_UISupportedInterfaceOrientations_iPhone = "UIInterfaceOrientationPortrait UIInterfaceOrientationLandscapeLeft UIInterfaceOrientationLandscapeRight";
				LD_RUNPATH_SEARCH_PATHS = (
					"$(inherited)",
					"@executable_path/Frameworks",
				);
				MARKETING_VERSION = 1.0;
				PRODUCT_BUNDLE_IDENTIFIER = com.simform.PricticeiOS;
				PRODUCT_NAME = "$(TARGET_NAME)";
				SUPPORTED_PLATFORMS = "iphoneos iphonesimulator";
				SUPPORTS_MACCATALYST = NO;
				SUPPORTS_MAC_DESIGNED_FOR_IPHONE_IPAD = NO;
				SWIFT_EMIT_LOC_STRINGS = YES;
				SWIFT_VERSION = 5.0;
				TARGETED_DEVICE_FAMILY = 1;
			};
			name = Release;
		};
/* End XCBuildConfiguration section */

/* Begin XCConfigurationList section */
		52C05F952A6E84CC00C7429F /* Build configuration list for PBXProject "PricticeiOS" */ = {
			isa = XCConfigurationList;
			buildConfigurations = (
				52C05FAC2A6E84CD00C7429F /* Debug */,
				52C05FAD2A6E84CD00C7429F /* Release */,
			);
			defaultConfigurationIsVisible = 0;
			defaultConfigurationName = Release;
		};
		52C05FAE2A6E84CD00C7429F /* Build configuration list for PBXNativeTarget "PricticeiOS" */ = {
			isa = XCConfigurationList;
			buildConfigurations = (
				52C05FAF2A6E84CD00C7429F /* Debug */,
				52C05FB02A6E84CD00C7429F /* Release */,
			);
			defaultConfigurationIsVisible = 0;
			defaultConfigurationName = Release;
		};
/* End XCConfigurationList section */
	};
	rootObject = 52C05F922A6E84CC00C7429F /* Project object */;
}
