// !$*UTF8*$!
{
	archiveVersion = 1;
	classes = {
	};
	objectVersion = 56;
	objects = {

/* Begin PBXBuildFile section */
		520158CE2A42E56000EC3CE0 /* AppDelegate.swift in Sources */ = {isa = PBXBuildFile; fileRef = 520158CD2A42E56000EC3CE0 /* AppDelegate.swift */; };
		520158D02A42E56000EC3CE0 /* SceneDelegate.swift in Sources */ = {isa = PBXBuildFile; fileRef = 520158CF2A42E56000EC3CE0 /* SceneDelegate.swift */; };
		520158D22A42E56000EC3CE0 /* ViewController.swift in Sources */ = {isa = PBXBuildFile; fileRef = 520158D12A42E56000EC3CE0 /* ViewController.swift */; };
		520158D52A42E56000EC3CE0 /* Main.storyboard in Resources */ = {isa = PBXBuildFile; fileRef = 520158D32A42E56000EC3CE0 /* Main.storyboard */; };
		520158D72A42E56100EC3CE0 /* Assets.xcassets in Resources */ = {isa = PBXBuildFile; fileRef = 520158D62A42E56100EC3CE0 /* Assets.xcassets */; };
		520158DA2A42E56100EC3CE0 /* LaunchScreen.storyboard in Resources */ = {isa = PBXBuildFile; fileRef = 520158D82A42E56100EC3CE0 /* LaunchScreen.storyboard */; };
		520158ED2A4312F600EC3CE0 /* TableViewCell.swift in Sources */ = {isa = PBXBuildFile; fileRef = 520158EB2A4312F600EC3CE0 /* TableViewCell.swift */; };
		520158EE2A4312F600EC3CE0 /* TableViewCell.xib in Resources */ = {isa = PBXBuildFile; fileRef = 520158EC2A4312F600EC3CE0 /* TableViewCell.xib */; };
		525FE77C2A4452F200E1FE37 /* Constant.swift in Sources */ = {isa = PBXBuildFile; fileRef = 525FE77B2A4452F200E1FE37 /* Constant.swift */; };
/* End PBXBuildFile section */

/* Begin PBXFileReference section */
		520158CA2A42E56000EC3CE0 /* ktproject.app */ = {isa = PBXFileReference; explicitFileType = wrapper.application; includeInIndex = 0; path = ktproject.app; sourceTree = BUILT_PRODUCTS_DIR; };
		520158CD2A42E56000EC3CE0 /* AppDelegate.swift */ = {isa = PBXFileReference; lastKnownFileType = sourcecode.swift; path = AppDelegate.swift; sourceTree = "<group>"; };
		520158CF2A42E56000EC3CE0 /* SceneDelegate.swift */ = {isa = PBXFileReference; lastKnownFileType = sourcecode.swift; path = SceneDelegate.swift; sourceTree = "<group>"; };
		520158D12A42E56000EC3CE0 /* ViewController.swift */ = {isa = PBXFileReference; lastKnownFileType = sourcecode.swift; path = ViewController.swift; sourceTree = "<group>"; };
		520158D42A42E56000EC3CE0 /* Base */ = {isa = PBXFileReference; lastKnownFileType = file.storyboard; name = Base; path = Base.lproj/Main.storyboard; sourceTree = "<group>"; };
		520158D62A42E56100EC3CE0 /* Assets.xcassets */ = {isa = PBXFileReference; lastKnownFileType = folder.assetcatalog; path = Assets.xcassets; sourceTree = "<group>"; };
		520158D92A42E56100EC3CE0 /* Base */ = {isa = PBXFileReference; lastKnownFileType = file.storyboard; name = Base; path = Base.lproj/LaunchScreen.storyboard; sourceTree = "<group>"; };
		520158DB2A42E56100EC3CE0 /* Info.plist */ = {isa = PBXFileReference; lastKnownFileType = text.plist.xml; path = Info.plist; sourceTree = "<group>"; };
		520158EB2A4312F600EC3CE0 /* TableViewCell.swift */ = {isa = PBXFileReference; lastKnownFileType = sourcecode.swift; path = TableViewCell.swift; sourceTree = "<group>"; };
		520158EC2A4312F600EC3CE0 /* TableViewCell.xib */ = {isa = PBXFileReference; lastKnownFileType = file.xib; path = TableViewCell.xib; sourceTree = "<group>"; };
		525FE77B2A4452F200E1FE37 /* Constant.swift */ = {isa = PBXFileReference; lastKnownFileType = sourcecode.swift; path = Constant.swift; sourceTree = "<group>"; };
/* End PBXFileReference section */

/* Begin PBXFrameworksBuildPhase section */
		520158C72A42E56000EC3CE0 /* Frameworks */ = {
			isa = PBXFrameworksBuildPhase;
			buildActionMask = 2147483647;
			files = (
			);
			runOnlyForDeploymentPostprocessing = 0;
		};
/* End PBXFrameworksBuildPhase section */

/* Begin PBXGroup section */
		520158C12A42E56000EC3CE0 = {
			isa = PBXGroup;
			children = (
				520158CC2A42E56000EC3CE0 /* ktproject */,
				520158CB2A42E56000EC3CE0 /* Products */,
			);
			sourceTree = "<group>";
		};
		520158CB2A42E56000EC3CE0 /* Products */ = {
			isa = PBXGroup;
			children = (
				520158CA2A42E56000EC3CE0 /* ktproject.app */,
			);
			name = Products;
			sourceTree = "<group>";
		};
		520158CC2A42E56000EC3CE0 /* ktproject */ = {
			isa = PBXGroup;
			children = (
				525FE7762A4451AB00E1FE37 /* Constants */,
				520158CD2A42E56000EC3CE0 /* AppDelegate.swift */,
				520158CF2A42E56000EC3CE0 /* SceneDelegate.swift */,
				520158D12A42E56000EC3CE0 /* ViewController.swift */,
				520158D32A42E56000EC3CE0 /* Main.storyboard */,
				520158D62A42E56100EC3CE0 /* Assets.xcassets */,
				520158D82A42E56100EC3CE0 /* LaunchScreen.storyboard */,
				520158DB2A42E56100EC3CE0 /* Info.plist */,
				520158EB2A4312F600EC3CE0 /* TableViewCell.swift */,
				520158EC2A4312F600EC3CE0 /* TableViewCell.xib */,
			);
			path = ktproject;
			sourceTree = "<group>";
		};
		525FE7762A4451AB00E1FE37 /* Constants */ = {
			isa = PBXGroup;
			children = (
				525FE77B2A4452F200E1FE37 /* Constant.swift */,
			);
			path = Constants;
			sourceTree = "<group>";
		};
/* End PBXGroup section */

/* Begin PBXNativeTarget section */
		520158C92A42E56000EC3CE0 /* ktproject */ = {
			isa = PBXNativeTarget;
			buildConfigurationList = 520158DE2A42E56100EC3CE0 /* Build configuration list for PBXNativeTarget "ktproject" */;
			buildPhases = (
				520158C62A42E56000EC3CE0 /* Sources */,
				520158C72A42E56000EC3CE0 /* Frameworks */,
				520158C82A42E56000EC3CE0 /* Resources */,
			);
			buildRules = (
			);
			dependencies = (
			);
			name = ktproject;
			productName = ktproject;
			productReference = 520158CA2A42E56000EC3CE0 /* ktproject.app */;
			productType = "com.apple.product-type.application";
		};
/* End PBXNativeTarget section */

/* Begin PBXProject section */
		520158C22A42E56000EC3CE0 /* Project object */ = {
			isa = PBXProject;
			attributes = {
				BuildIndependentTargetsInParallel = 1;
				LastSwiftUpdateCheck = 1420;
				LastUpgradeCheck = 1420;
				TargetAttributes = {
					520158C92A42E56000EC3CE0 = {
						CreatedOnToolsVersion = 14.2;
					};
				};
			};
			buildConfigurationList = 520158C52A42E56000EC3CE0 /* Build configuration list for PBXProject "ktproject" */;
			compatibilityVersion = "Xcode 14.0";
			developmentRegion = en;
			hasScannedForEncodings = 0;
			knownRegions = (
				en,
				Base,
			);
			mainGroup = 520158C12A42E56000EC3CE0;
			productRefGroup = 520158CB2A42E56000EC3CE0 /* Products */;
			projectDirPath = "";
			projectRoot = "";
			targets = (
				520158C92A42E56000EC3CE0 /* ktproject */,
			);
		};
/* End PBXProject section */

/* Begin PBXResourcesBuildPhase section */
		520158C82A42E56000EC3CE0 /* Resources */ = {
			isa = PBXResourcesBuildPhase;
			buildActionMask = 2147483647;
			files = (
				520158DA2A42E56100EC3CE0 /* LaunchScreen.storyboard in Resources */,
				520158EE2A4312F600EC3CE0 /* TableViewCell.xib in Resources */,
				520158D72A42E56100EC3CE0 /* Assets.xcassets in Resources */,
				520158D52A42E56000EC3CE0 /* Main.storyboard in Resources */,
			);
			runOnlyForDeploymentPostprocessing = 0;
		};
/* End PBXResourcesBuildPhase section */

/* Begin PBXSourcesBuildPhase section */
		520158C62A42E56000EC3CE0 /* Sources */ = {
			isa = PBXSourcesBuildPhase;
			buildActionMask = 2147483647;
			files = (
				520158D22A42E56000EC3CE0 /* ViewController.swift in Sources */,
				520158ED2A4312F600EC3CE0 /* TableViewCell.swift in Sources */,
				525FE77C2A4452F200E1FE37 /* Constant.swift in Sources */,
				520158CE2A42E56000EC3CE0 /* AppDelegate.swift in Sources */,
				520158D02A42E56000EC3CE0 /* SceneDelegate.swift in Sources */,
			);
			runOnlyForDeploymentPostprocessing = 0;
		};
/* End PBXSourcesBuildPhase section */

/* Begin PBXVariantGroup section */
		520158D32A42E56000EC3CE0 /* Main.storyboard */ = {
			isa = PBXVariantGroup;
			children = (
				520158D42A42E56000EC3CE0 /* Base */,
			);
			name = Main.storyboard;
			sourceTree = "<group>";
		};
		520158D82A42E56100EC3CE0 /* LaunchScreen.storyboard */ = {
			isa = PBXVariantGroup;
			children = (
				520158D92A42E56100EC3CE0 /* Base */,
			);
			name = LaunchScreen.storyboard;
			sourceTree = "<group>";
		};
/* End PBXVariantGroup section */

/* Begin XCBuildConfiguration section */
		520158DC2A42E56100EC3CE0 /* Debug */ = {
			isa = XCBuildConfiguration;
			buildSettings = {
				ALWAYS_SEARCH_USER_PATHS = NO;
				CLANG_ANALYZER_NONNULL = YES;
				CLANG_ANALYZER_NUMBER_OBJECT_CONVERSION = YES_AGGRESSIVE;
				CLANG_CXX_LANGUAGE_STANDARD = "gnu++20";
				CLANG_ENABLE_MODULES = YES;
				CLANG_ENABLE_OBJC_ARC = YES;
				CLANG_ENABLE_OBJC_WEAK = YES;
				CLANG_WARN_BLOCK_CAPTURE_AUTORELEASING = YES;
				CLANG_WARN_BOOL_CONVERSION = YES;
				CLANG_WARN_COMMA = YES;
				CLANG_WARN_CONSTANT_CONVERSION = YES;
				CLANG_WARN_DEPRECATED_OBJC_IMPLEMENTATIONS = YES;
				CLANG_WARN_DIRECT_OBJC_ISA_USAGE = YES_ERROR;
				CLANG_WARN_DOCUMENTATION_COMMENTS = YES;
				CLANG_WARN_EMPTY_BODY = YES;
				CLANG_WARN_ENUM_CONVERSION = YES;
				CLANG_WARN_INFINITE_RECURSION = YES;
				CLANG_WARN_INT_CONVERSION = YES;
				CLANG_WARN_NON_LITERAL_NULL_CONVERSION = YES;
				CLANG_WARN_OBJC_IMPLICIT_RETAIN_SELF = YES;
				CLANG_WARN_OBJC_LITERAL_CONVERSION = YES;
				CLANG_WARN_OBJC_ROOT_CLASS = YES_ERROR;
				CLANG_WARN_QUOTED_INCLUDE_IN_FRAMEWORK_HEADER = YES;
				CLANG_WARN_RANGE_LOOP_ANALYSIS = YES;
				CLANG_WARN_STRICT_PROTOTYPES = YES;
				CLANG_WARN_SUSPICIOUS_MOVE = YES;
				CLANG_WARN_UNGUARDED_AVAILABILITY = YES_AGGRESSIVE;
				CLANG_WARN_UNREACHABLE_CODE = YES;
				CLANG_WARN__DUPLICATE_METHOD_MATCH = YES;
				COPY_PHASE_STRIP = NO;
				DEBUG_INFORMATION_FORMAT = dwarf;
				ENABLE_STRICT_OBJC_MSGSEND = YES;
				ENABLE_TESTABILITY = YES;
				GCC_C_LANGUAGE_STANDARD = gnu11;
				GCC_DYNAMIC_NO_PIC = NO;
				GCC_NO_COMMON_BLOCKS = YES;
				GCC_OPTIMIZATION_LEVEL = 0;
				GCC_PREPROCESSOR_DEFINITIONS = (
					"DEBUG=1",
					"$(inherited)",
				);
				GCC_WARN_64_TO_32_BIT_CONVERSION = YES;
				GCC_WARN_ABOUT_RETURN_TYPE = YES_ERROR;
				GCC_WARN_UNDECLARED_SELECTOR = YES;
				GCC_WARN_UNINITIALIZED_AUTOS = YES_AGGRESSIVE;
				GCC_WARN_UNUSED_FUNCTION = YES;
				GCC_WARN_UNUSED_VARIABLE = YES;
				IPHONEOS_DEPLOYMENT_TARGET = 16.2;
				MTL_ENABLE_DEBUG_INFO = INCLUDE_SOURCE;
				MTL_FAST_MATH = YES;
				ONLY_ACTIVE_ARCH = YES;
				SDKROOT = iphoneos;
				SWIFT_ACTIVE_COMPILATION_CONDITIONS = DEBUG;
				SWIFT_OPTIMIZATION_LEVEL = "-Onone";
			};
			name = Debug;
		};
		520158DD2A42E56100EC3CE0 /* Release */ = {
			isa = XCBuildConfiguration;
			buildSettings = {
				ALWAYS_SEARCH_USER_PATHS = NO;
				CLANG_ANALYZER_NONNULL = YES;
				CLANG_ANALYZER_NUMBER_OBJECT_CONVERSION = YES_AGGRESSIVE;
				CLANG_CXX_LANGUAGE_STANDARD = "gnu++20";
				CLANG_ENABLE_MODULES = YES;
				CLANG_ENABLE_OBJC_ARC = YES;
				CLANG_ENABLE_OBJC_WEAK = YES;
				CLANG_WARN_BLOCK_CAPTURE_AUTORELEASING = YES;
				CLANG_WARN_BOOL_CONVERSION = YES;
				CLANG_WARN_COMMA = YES;
				CLANG_WARN_CONSTANT_CONVERSION = YES;
				CLANG_WARN_DEPRECATED_OBJC_IMPLEMENTATIONS = YES;
				CLANG_WARN_DIRECT_OBJC_ISA_USAGE = YES_ERROR;
				CLANG_WARN_DOCUMENTATION_COMMENTS = YES;
				CLANG_WARN_EMPTY_BODY = YES;
				CLANG_WARN_ENUM_CONVERSION = YES;
				CLANG_WARN_INFINITE_RECURSION = YES;
				CLANG_WARN_INT_CONVERSION = YES;
				CLANG_WARN_NON_LITERAL_NULL_CONVERSION = YES;
				CLANG_WARN_OBJC_IMPLICIT_RETAIN_SELF = YES;
				CLANG_WARN_OBJC_LITERAL_CONVERSION = YES;
				CLANG_WARN_OBJC_ROOT_CLASS = YES_ERROR;
				CLANG_WARN_QUOTED_INCLUDE_IN_FRAMEWORK_HEADER = YES;
				CLANG_WARN_RANGE_LOOP_ANALYSIS = YES;
				CLANG_WARN_STRICT_PROTOTYPES = YES;
				CLANG_WARN_SUSPICIOUS_MOVE = YES;
				CLANG_WARN_UNGUARDED_AVAILABILITY = YES_AGGRESSIVE;
				CLANG_WARN_UNREACHABLE_CODE = YES;
				CLANG_WARN__DUPLICATE_METHOD_MATCH = YES;
				COPY_PHASE_STRIP = NO;
				DEBUG_INFORMATION_FORMAT = "dwarf-with-dsym";
				ENABLE_NS_ASSERTIONS = NO;
				ENABLE_STRICT_OBJC_MSGSEND = YES;
				GCC_C_LANGUAGE_STANDARD = gnu11;
				GCC_NO_COMMON_BLOCKS = YES;
				GCC_WARN_64_TO_32_BIT_CONVERSION = YES;
				GCC_WARN_ABOUT_RETURN_TYPE = YES_ERROR;
				GCC_WARN_UNDECLARED_SELECTOR = YES;
				GCC_WARN_UNINITIALIZED_AUTOS = YES_AGGRESSIVE;
				GCC_WARN_UNUSED_FUNCTION = YES;
				GCC_WARN_UNUSED_VARIABLE = YES;
				IPHONEOS_DEPLOYMENT_TARGET = 16.2;
				MTL_ENABLE_DEBUG_INFO = NO;
				MTL_FAST_MATH = YES;
				SDKROOT = iphoneos;
				SWIFT_COMPILATION_MODE = wholemodule;
				SWIFT_OPTIMIZATION_LEVEL = "-O";
				VALIDATE_PRODUCT = YES;
			};
			name = Release;
		};
		520158DF2A42E56100EC3CE0 /* Debug */ = {
			isa = XCBuildConfiguration;
			buildSettings = {
				ASSETCATALOG_COMPILER_APPICON_NAME = AppIcon;
				ASSETCATALOG_COMPILER_GLOBAL_ACCENT_COLOR_NAME = AccentColor;
				CODE_SIGN_STYLE = Automatic;
				CURRENT_PROJECT_VERSION = 1;
				GENERATE_INFOPLIST_FILE = YES;
				INFOPLIST_FILE = ktproject/Info.plist;
				INFOPLIST_KEY_UIApplicationSupportsIndirectInputEvents = YES;
				INFOPLIST_KEY_UILaunchStoryboardName = LaunchScreen;
				INFOPLIST_KEY_UIMainStoryboardFile = Main;
				INFOPLIST_KEY_UISupportedInterfaceOrientations_iPad = "UIInterfaceOrientationPortrait UIInterfaceOrientationPortraitUpsideDown UIInterfaceOrientationLandscapeLeft UIInterfaceOrientationLandscapeRight";
				INFOPLIST_KEY_UISupportedInterfaceOrientations_iPhone = "UIInterfaceOrientationPortrait UIInterfaceOrientationLandscapeLeft UIInterfaceOrientationLandscapeRight";
				LD_RUNPATH_SEARCH_PATHS = (
					"$(inherited)",
					"@executable_path/Frameworks",
				);
				MARKETING_VERSION = 1.0;
				PRODUCT_BUNDLE_IDENTIFIER = com.simform.ktproject;
				PRODUCT_NAME = "$(TARGET_NAME)";
				SUPPORTED_PLATFORMS = "iphoneos iphonesimulator";
				SUPPORTS_MACCATALYST = NO;
				SUPPORTS_MAC_DESIGNED_FOR_IPHONE_IPAD = NO;
				SWIFT_EMIT_LOC_STRINGS = YES;
				SWIFT_VERSION = 5.0;
				TARGETED_DEVICE_FAMILY = 1;
			};
			name = Debug;
		};
		520158E02A42E56100EC3CE0 /* Release */ = {
			isa = XCBuildConfiguration;
			buildSettings = {
				ASSETCATALOG_COMPILER_APPICON_NAME = AppIcon;
				ASSETCATALOG_COMPILER_GLOBAL_ACCENT_COLOR_NAME = AccentColor;
				CODE_SIGN_STYLE = Automatic;
				CURRENT_PROJECT_VERSION = 1;
				GENERATE_INFOPLIST_FILE = YES;
				INFOPLIST_FILE = ktproject/Info.plist;
				INFOPLIST_KEY_UIApplicationSupportsIndirectInputEvents = YES;
				INFOPLIST_KEY_UILaunchStoryboardName = LaunchScreen;
				INFOPLIST_KEY_UIMainStoryboardFile = Main;
				INFOPLIST_KEY_UISupportedInterfaceOrientations_iPad = "UIInterfaceOrientationPortrait UIInterfaceOrientationPortraitUpsideDown UIInterfaceOrientationLandscapeLeft UIInterfaceOrientationLandscapeRight";
				INFOPLIST_KEY_UISupportedInterfaceOrientations_iPhone = "UIInterfaceOrientationPortrait UIInterfaceOrientationLandscapeLeft UIInterfaceOrientationLandscapeRight";
				LD_RUNPATH_SEARCH_PATHS = (
					"$(inherited)",
					"@executable_path/Frameworks",
				);
				MARKETING_VERSION = 1.0;
				PRODUCT_BUNDLE_IDENTIFIER = com.simform.ktproject;
				PRODUCT_NAME = "$(TARGET_NAME)";
				SUPPORTED_PLATFORMS = "iphoneos iphonesimulator";
				SUPPORTS_MACCATALYST = NO;
				SUPPORTS_MAC_DESIGNED_FOR_IPHONE_IPAD = NO;
				SWIFT_EMIT_LOC_STRINGS = YES;
				SWIFT_VERSION = 5.0;
				TARGETED_DEVICE_FAMILY = 1;
			};
			name = Release;
		};
/* End XCBuildConfiguration section */

/* Begin XCConfigurationList section */
		520158C52A42E56000EC3CE0 /* Build configuration list for PBXProject "ktproject" */ = {
			isa = XCConfigurationList;
			buildConfigurations = (
				520158DC2A42E56100EC3CE0 /* Debug */,
				520158DD2A42E56100EC3CE0 /* Release */,
			);
			defaultConfigurationIsVisible = 0;
			defaultConfigurationName = Release;
		};
		520158DE2A42E56100EC3CE0 /* Build configuration list for PBXNativeTarget "ktproject" */ = {
			isa = XCConfigurationList;
			buildConfigurations = (
				520158DF2A42E56100EC3CE0 /* Debug */,
				520158E02A42E56100EC3CE0 /* Release */,
			);
			defaultConfigurationIsVisible = 0;
			defaultConfigurationName = Release;
		};
/* End XCConfigurationList section */
	};
	rootObject = 520158C22A42E56000EC3CE0 /* Project object */;
}
